Microsoft Visual Studio Solution File, Format Version 11.00
# Visual Studio 2008

Project("{E2C5802C-EDEB-DD0F-740F-4C6D9268701D}") = "SPECTRUM SYNDICAT", "Assembly-CSharp-firstpass.csproj", "{982762B0-8006-4A7B-3B2F-F0EDB2680930}"
EndProject
Project("{E2C5802C-EDEB-DD0F-740F-4C6D9268701D}") = "SPECTRUM SYNDICAT", "Assembly-CSharp.csproj", "{76393F34-68B0-8958-9FC1-3A25A4A84DE1}"
EndProject
Project("{E2C5802C-EDEB-DD0F-740F-4C6D9268701D}") = "SPECTRUM SYNDICAT", "Assembly-CSharp-Editor.csproj", "{944F2067-CE2F-2879-D96B-30BAF25C252E}"
EndProject
Global
	GlobalSection(SolutionConfigurationPlatforms) = preSolution
		Debug|Any CPU = Debug|Any CPU
		Release|Any CPU = Release|Any CPU
	EndGlobalSection
	GlobalSection(ProjectConfigurationPlatforms) = postSolution
		{982762B0-8006-4A7B-3B2F-F0EDB2680930}.Debug|Any CPU.ActiveCfg = Debug|Any CPU
		{982762B0-8006-4A7B-3B2F-F0EDB2680930}.Debug|Any CPU.Build.0 = Debug|Any CPU
		{982762B0-8006-4A7B-3B2F-F0EDB2680930}.Release|Any CPU.ActiveCfg = Release|Any CPU
		{982762B0-8006-4A7B-3B2F-F0EDB2680930}.Release|Any CPU.Build.0 = Release|Any CPU
		{76393F34-68B0-8958-9FC1-3A25A4A84DE1}.Debug|Any CPU.ActiveCfg = Debug|Any CPU
		{76393F34-68B0-8958-9FC1-3A25A4A84DE1}.Debug|Any CPU.Build.0 = Debug|Any CPU
		{76393F34-68B0-8958-9FC1-3A25A4A84DE1}.Release|Any CPU.ActiveCfg = Release|Any CPU
		{76393F34-68B0-8958-9FC1-3A25A4A84DE1}.Release|Any CPU.Build.0 = Release|Any CPU
		{944F2067-CE2F-2879-D96B-30BAF25C252E}.Debug|Any CPU.ActiveCfg = Debug|Any CPU
		{944F2067-CE2F-2879-D96B-30BAF25C252E}.Debug|Any CPU.Build.0 = Debug|Any CPU
		{944F2067-CE2F-2879-D96B-30BAF25C252E}.Release|Any CPU.ActiveCfg = Release|Any CPU
		{944F2067-CE2F-2879-D96B-30BAF25C252E}.Release|Any CPU.Build.0 = Release|Any CPU
	EndGlobalSection
	GlobalSection(SolutionProperties) = preSolution
		HideSolutionNode = FALSE
	EndGlobalSection
	GlobalSection(MonoDevelopProperties) = preSolution
		StartupItem = Assembly-CSharp.csproj
	EndGlobalSection
EndGlobal
